
Microsoft Visual Studio Solution File, Format Version 12.00
# Visual Studio Version 17
VisualStudioVersion = 17.14.36202.13 d17.14
MinimumVisualStudioVersion = 10.0.40219.1
Project("{FAE04EC0-301F-11D3-BF4B-00C04F79EFBC}") = "CSHonorsTemplate", "CSHonorsTemplate\CSHonorsTemplate.csproj", "{3A15BB98-3BAB-4F99-91DF-6572B5E36975}"
EndProject
Global
	GlobalSection(SolutionConfigurationPlatforms) = preSolution
		Debug|Any CPU = Debug|Any CPU
		Release|Any CPU = Release|Any CPU
	EndGlobalSection
	GlobalSection(ProjectConfigurationPlatforms) = postSolution
		{3A15BB98-3BAB-4F99-91DF-6572B5E36975}.Debug|Any CPU.ActiveCfg = Debug|Any CPU
		{3A15BB98-3BAB-4F99-91DF-6572B5E36975}.Debug|Any CPU.Build.0 = Debug|Any CPU
		{3A15BB98-3BAB-4F99-91DF-6572B5E36975}.Release|Any CPU.ActiveCfg = Release|Any CPU
		{3A15BB98-3BAB-4F99-91DF-6572B5E36975}.Release|Any CPU.Build.0 = Release|Any CPU
	EndGlobalSection
	GlobalSection(SolutionProperties) = preSolution
		HideSolutionNode = FALSE
	EndGlobalSection
	GlobalSection(ExtensibilityGlobals) = postSolution
		SolutionGuid = {EE3877D7-4CD6-4524-8415-7A3DCD2587C0}
	EndGlobalSection
EndGlobal
